
Microsoft Visual Studio Solution File, Format Version 12.00
# Visual Studio Version 17
VisualStudioVersion = 17.4.33122.133
MinimumVisualStudioVersion = 10.0.40219.1
Project("{FAE04EC0-301F-11D3-BF4B-00C04F79EFBC}") = "Pizza Menü", "Pizza Menü\Pizza Menü.csproj", "{9AD25694-7B7A-4004-9B7F-2986F7DAE003}"
EndProject
Global
	GlobalSection(SolutionConfigurationPlatforms) = preSolution
		Debug|Any CPU = Debug|Any CPU
		Release|Any CPU = Release|Any CPU
	EndGlobalSection
	GlobalSection(ProjectConfigurationPlatforms) = postSolution
		{9AD25694-7B7A-4004-9B7F-2986F7DAE003}.Debug|Any CPU.ActiveCfg = Debug|Any CPU
		{9AD25694-7B7A-4004-9B7F-2986F7DAE003}.Debug|Any CPU.Build.0 = Debug|Any CPU
		{9AD25694-7B7A-4004-9B7F-2986F7DAE003}.Release|Any CPU.ActiveCfg = Release|Any CPU
		{9AD25694-7B7A-4004-9B7F-2986F7DAE003}.Release|Any CPU.Build.0 = Release|Any CPU
	EndGlobalSection
	GlobalSection(SolutionProperties) = preSolution
		HideSolutionNode = FALSE
	EndGlobalSection
	GlobalSection(ExtensibilityGlobals) = postSolution
		SolutionGuid = {DCE8B2A0-D201-4B8D-B6A9-2C285ADB09A1}
	EndGlobalSection
EndGlobal
